
Microsoft Visual Studio Solution File, Format Version 12.00
# Visual Studio Version 17
VisualStudioVersion = 17.14.36301.6
MinimumVisualStudioVersion = 10.0.40219.1
Project("{FAE04EC0-301F-11D3-BF4B-00C04F79EFBC}") = "Movies.Api", "Movies.Api\Movies.Api.csproj", "{5A4889FE-DD33-4AB3-B08A-492ADE8E1EBE}"
EndProject
Project("{FAE04EC0-301F-11D3-BF4B-00C04F79EFBC}") = "Movies.Data", "Movies.Data\Movies.Data.csproj", "{81082F6E-9976-41D3-8E84-80DEF062ADCC}"
EndProject
Project("{FAE04EC0-301F-11D3-BF4B-00C04F79EFBC}") = "Movies.Core", "Movies.Core\Movies.Core.csproj", "{1B15409C-EC5A-46F0-9C8C-A08D4C94780B}"
EndProject
Project("{FAE04EC0-301F-11D3-BF4B-00C04F79EFBC}") = "Movies.Services", "Movies.Services\Movies.Services.csproj", "{51C0A808-96CA-4690-B34F-04A767FB408C}"
EndProject
Global
	GlobalSection(SolutionConfigurationPlatforms) = preSolution
		Debug|Any CPU = Debug|Any CPU
		Release|Any CPU = Release|Any CPU
	EndGlobalSection
	GlobalSection(ProjectConfigurationPlatforms) = postSolution
		{5A4889FE-DD33-4AB3-B08A-492ADE8E1EBE}.Debug|Any CPU.ActiveCfg = Debug|Any CPU
		{5A4889FE-DD33-4AB3-B08A-492ADE8E1EBE}.Debug|Any CPU.Build.0 = Debug|Any CPU
		{5A4889FE-DD33-4AB3-B08A-492ADE8E1EBE}.Release|Any CPU.ActiveCfg = Release|Any CPU
		{5A4889FE-DD33-4AB3-B08A-492ADE8E1EBE}.Release|Any CPU.Build.0 = Release|Any CPU
		{81082F6E-9976-41D3-8E84-80DEF062ADCC}.Debug|Any CPU.ActiveCfg = Debug|Any CPU
		{81082F6E-9976-41D3-8E84-80DEF062ADCC}.Debug|Any CPU.Build.0 = Debug|Any CPU
		{81082F6E-9976-41D3-8E84-80DEF062ADCC}.Release|Any CPU.ActiveCfg = Release|Any CPU
		{81082F6E-9976-41D3-8E84-80DEF062ADCC}.Release|Any CPU.Build.0 = Release|Any CPU
		{1B15409C-EC5A-46F0-9C8C-A08D4C94780B}.Debug|Any CPU.ActiveCfg = Debug|Any CPU
		{1B15409C-EC5A-46F0-9C8C-A08D4C94780B}.Debug|Any CPU.Build.0 = Debug|Any CPU
		{1B15409C-EC5A-46F0-9C8C-A08D4C94780B}.Release|Any CPU.ActiveCfg = Release|Any CPU
		{1B15409C-EC5A-46F0-9C8C-A08D4C94780B}.Release|Any CPU.Build.0 = Release|Any CPU
		{51C0A808-96CA-4690-B34F-04A767FB408C}.Debug|Any CPU.ActiveCfg = Debug|Any CPU
		{51C0A808-96CA-4690-B34F-04A767FB408C}.Debug|Any CPU.Build.0 = Debug|Any CPU
		{51C0A808-96CA-4690-B34F-04A767FB408C}.Release|Any CPU.ActiveCfg = Release|Any CPU
		{51C0A808-96CA-4690-B34F-04A767FB408C}.Release|Any CPU.Build.0 = Release|Any CPU
	EndGlobalSection
	GlobalSection(SolutionProperties) = preSolution
		HideSolutionNode = FALSE
	EndGlobalSection
	GlobalSection(ExtensibilityGlobals) = postSolution
		SolutionGuid = {58410E23-9140-4E7A-ADFC-C2293667291C}
	EndGlobalSection
EndGlobal
